{
  "version": 1,
  "dependencies": {
    "net10.0": {
      "Microsoft.AspNetCore.OpenApi": {
        "type": "Direct",
        "requested": "[10.0.0, )",
        "resolved": "10.0.0",
        "contentHash": "0aqIF1t+sA2T62LIeMtXGSiaV7keGQaJnvwwmu+htQdjCaKYARfXAeqp4nHH9y2etpilyZ/tnQzZg4Ilmo/c4Q==",
        "dependencies": {
          "Microsoft.OpenApi": "2.0.0"
        }
      },
      "Swashbuckle.AspNetCore": {
        "type": "Direct",
        "requested": "[10.0.1, )",
        "resolved": "10.0.1",
        "contentHash": "177+JNAV5TNvy8gLCdrcWBY9n2jdkxiHQDY4vhaExeqUpKrOqDatCcm/kW3kze60GqfnZ2NobD/IKiAPOL+CEw==",
        "dependencies": {
          "Microsoft.Extensions.ApiDescription.Server": "10.0.0",
          "Swashbuckle.AspNetCore.Swagger": "10.0.1",
          "Swashbuckle.AspNetCore.SwaggerGen": "10.0.1",
          "Swashbuckle.AspNetCore.SwaggerUI": "10.0.1"
        }
      },
      "MemoryPack": {
        "type": "Transitive",
        "resolved": "1.21.4",
        "contentHash": "wy3JTBNBsO8LfQcBvvYsWr3lm2Oakolrfu0UQ3oSJSEiD+7ye0GUhYTaXuYYBowqsXBXWD9gf2218ae0JRiYVQ==",
        "dependencies": {
          "MemoryPack.Core": "1.21.4",
          "MemoryPack.Generator": "1.21.4"
        }
      },
      "MemoryPack.Core": {
        "type": "Transitive",
        "resolved": "1.21.4",
        "contentHash": "6RszGorZ0ejNmp37ZcboPBMvvPCuNW2jlrdQfcs/lMzE5b3pmPF6hsm/laDc34hRlbAST1ZxaX/DvYu2DF5sBQ=="
      },
      "MemoryPack.Generator": {
        "type": "Transitive",
        "resolved": "1.21.4",
        "contentHash": "g14EsSS85yn0lHTi0J9ivqlZMf09A2iI51fmI+0KkzIzyCbWOBWPi5mdaY7YWmXprk12aYh9u/qfWHQUYthlwg=="
      },
      "Microsoft.Extensions.ApiDescription.Server": {
        "type": "Transitive",
        "resolved": "10.0.0",
        "contentHash": "NCWCGiwRwje8773yzPQhvucYnnfeR+ZoB1VRIrIMp4uaeUNw7jvEPHij3HIbwCDuNCrNcphA00KSAR9yD9qmbg=="
      },
      "Microsoft.Extensions.TimeProvider.Testing": {
        "type": "Transitive",
        "resolved": "10.0.0",
        "contentHash": "aX2J/3k8BNWzIVCATarxY3xcS2iZm9kW2aN+tAD/qE29OcaySBU+8DC/KhoDk9gfqfYtptnN/eJ+WOZ4yT/hcQ=="
      },
      "Microsoft.OpenApi": {
        "type": "Transitive",
        "resolved": "2.3.0",
        "contentHash": "5RZpjyt0JMmoc/aEgY9c1vE5pusdDGvkPl9qKIy9KFbRiIXD+w7gBJxX+unSjzzOcfgRoYxnO4okZyqDAL2WEw=="
      },
      "Npgsql": {
        "type": "Transitive",
        "resolved": "10.0.0",
        "contentHash": "xZAYhPOU2rUIFpV48xsqhCx9vXs6Y+0jX2LCoSEfDFYMw9jtAOUk3iQsCnDLrFIv9NT3JGMihn7nnuZsPKqJmA=="
      },
      "Polly": {
        "type": "Transitive",
        "resolved": "8.6.5",
        "contentHash": "VqtW2ZE/ALvQMAH1cQY3qZ2cF2OXa3oe/HKMdOv6Q02HCoEW0rsFNfcBONXlHBe1TnjWW1vdRxBEkPeq0/2FHA==",
        "dependencies": {
          "Polly.Core": "8.6.5"
        }
      },
      "Polly.Core": {
        "type": "Transitive",
        "resolved": "8.6.5",
        "contentHash": "t+sUVrIwvo7UmsgHGgOG9F0GDZSRIm47u2ylH17Gvcv1q5hNEwgD5GoBlFyc0kh/pebmPyrAgvGsR/65ZBaXlg=="
      },
      "Swashbuckle.AspNetCore.Swagger": {
        "type": "Transitive",
        "resolved": "10.0.1",
        "contentHash": "HJYFSP18YF1Z6LCwunL+v8wuZUzzvcjarB8AJna/NVVIpq11FH9BW/D/6abwigu7SsKRbisStmk8xu2mTsxxHg==",
        "dependencies": {
          "Microsoft.OpenApi": "2.3.0"
        }
      },
      "Swashbuckle.AspNetCore.SwaggerGen": {
        "type": "Transitive",
        "resolved": "10.0.1",
        "contentHash": "vMMBDiTC53KclPs1aiedRZnXkoI2ZgF5/JFr3Dqr8KT7wvIbA/MwD+ormQ4qf25gN5xCrJbmz/9/Z3RrpSofMA==",
        "dependencies": {
          "Swashbuckle.AspNetCore.Swagger": "10.0.1"
        }
      },
      "Swashbuckle.AspNetCore.SwaggerUI": {
        "type": "Transitive",
        "resolved": "10.0.1",
        "contentHash": "a2eLI/fCxJ3WH+H1hr7Q2T82ZBk20FfqYBEZ9hOr3f+426ZUfGU2LxYWzOJrf5/4y6EKShmWpjJG01h3Rc+l6Q=="
      },
      "glacialcache.postgresql": {
        "type": "Project",
        "dependencies": {
          "MemoryPack": "[1.21.4, )",
          "Microsoft.Extensions.TimeProvider.Testing": "[10.0.0, )",
          "Npgsql": "[10.0.0, )",
          "Polly": "[8.6.5, )"
        }
      }
    }
  }
}